
Microsoft Visual Studio Solution File, Format Version 12.00
# Visual Studio 2013
VisualStudioVersion = 12.0.40629.0
MinimumVisualStudioVersion = 10.0.40219.1
Project("{FAE04EC0-301F-11D3-BF4B-00C04F79EFBC}") = "Loger", "Loger\Loger.csproj", "{69A78F8B-2B65-4052-9198-7003A79FDE6D}"
EndProject
Project("{FAE04EC0-301F-11D3-BF4B-00C04F79EFBC}") = "Log", "Log\Log.csproj", "{3BE9ED9A-3A54-4FCB-897B-E72A7C837D77}"
EndProject
Global
	GlobalSection(SolutionConfigurationPlatforms) = preSolution
		Debug|Any CPU = Debug|Any CPU
		Release|Any CPU = Release|Any CPU
	EndGlobalSection
	GlobalSection(ProjectConfigurationPlatforms) = postSolution
		{69A78F8B-2B65-4052-9198-7003A79FDE6D}.Debug|Any CPU.ActiveCfg = Debug|Any CPU
		{69A78F8B-2B65-4052-9198-7003A79FDE6D}.Debug|Any CPU.Build.0 = Debug|Any CPU
		{69A78F8B-2B65-4052-9198-7003A79FDE6D}.Release|Any CPU.ActiveCfg = Release|Any CPU
		{69A78F8B-2B65-4052-9198-7003A79FDE6D}.Release|Any CPU.Build.0 = Release|Any CPU
		{3BE9ED9A-3A54-4FCB-897B-E72A7C837D77}.Debug|Any CPU.ActiveCfg = Debug|Any CPU
		{3BE9ED9A-3A54-4FCB-897B-E72A7C837D77}.Debug|Any CPU.Build.0 = Debug|Any CPU
		{3BE9ED9A-3A54-4FCB-897B-E72A7C837D77}.Release|Any CPU.ActiveCfg = Release|Any CPU
		{3BE9ED9A-3A54-4FCB-897B-E72A7C837D77}.Release|Any CPU.Build.0 = Release|Any CPU
	EndGlobalSection
	GlobalSection(SolutionProperties) = preSolution
		HideSolutionNode = FALSE
	EndGlobalSection
EndGlobal
